<?xml version="1.0" encoding="utf-8"?>
<Project ToolsVersion="4.0" xmlns="http://schemas.microsoft.com/developer/msbuild/2003">
  <ItemGroup>
    <Filter Include="Source Files">
      <UniqueIdentifier>{834c9e24-c7ae-47e4-bdfd-e766d17c748f}</UniqueIdentifier>
      <Extensions>cpp;c;cxx;rc;def;r;odl;idl;hpj;bat</Extensions>
    </Filter>
    <Filter Include="Header Files">
      <UniqueIdentifier>{893b614b-720a-4cc5-9301-3a21e612eaea}</UniqueIdentifier>
      <Extensions>h;hpp;hxx;hm;inl</Extensions>
    </Filter>
    <Filter Include="Resource Files">
      <UniqueIdentifier>{d03b1780-8289-4165-a71c-a8b4c2018409}</UniqueIdentifier>
      <Extensions>ico;cur;bmp;dlg;rc2;rct;bin;rgs;gif;jpg;jpeg;jpe</Extensions>
    </Filter>
  </ItemGroup>
  <ItemGroup>
    <ClCompile Include="ChildFrm.cpp">
      <Filter>Source Files</Filter>
    </ClCompile>
    <ClCompile Include="DlgFiles.cpp">
      <Filter>Source Files</Filter>
    </ClCompile>
    <ClCompile Include="ImageProcess.cpp">
      <Filter>Source Files</Filter>
    </ClCompile>
    <ClCompile Include="ImgPrc.cpp">
      <Filter>Source Files</Filter>
    </ClCompile>
    <ClCompile Include="ImgPrcDoc.cpp">
      <Filter>Source Files</Filter>
    </ClCompile>
    <ClCompile Include="ImgPrcView.cpp">
      <Filter>Source Files</Filter>
    </ClCompile>
    <ClCompile Include="MainFrm.cpp">
      <Filter>Source Files</Filter>
    </ClCompile>
    <ClCompile Include="StdAfx.cpp">
      <Filter>Source Files</Filter>
    </ClCompile>
    <ClCompile Include="MorphDlg.cpp">
      <Filter>Source Files</Filter>
    </ClCompile>
    <ClCompile Include="HistDlg.cpp">
      <Filter>Source Files</Filter>
    </ClCompile>
    <ClCompile Include="BinaryRegion.cpp">
      <Filter>Source Files</Filter>
    </ClCompile>
    <ClCompile Include="Polygon.cpp">
      <Filter>Source Files</Filter>
    </ClCompile>
    <ClCompile Include="ConerDetector.cpp">
      <Filter>Source Files</Filter>
    </ClCompile>
    <ClCompile Include="MSER.cpp">
      <Filter>Source Files</Filter>
    </ClCompile>
    <ClCompile Include="SiftDialog.cpp">
      <Filter>Source Files</Filter>
    </ClCompile>
    <ClCompile Include="SmoothDlg.cpp">
      <Filter>Source Files</Filter>
    </ClCompile>
    <ClCompile Include="logdogDlg.cpp">
      <Filter>Source Files</Filter>
    </ClCompile>
    <ClCompile Include="ColorConv.cpp">
      <Filter>Source Files</Filter>
    </ClCompile>
    <ClCompile Include="ThresholdSeg.cpp">
      <Filter>Source Files</Filter>
    </ClCompile>
    <ClCompile Include="AdaptiveThreshold.cpp">
      <Filter>Source Files</Filter>
    </ClCompile>
    <ClCompile Include="IterativeThreshold.cpp">
      <Filter>Source Files</Filter>
    </ClCompile>
    <ClCompile Include="StandardHoffTran.cpp">
      <Filter>Source Files</Filter>
    </ClCompile>
    <ClCompile Include="PPHT.cpp">
      <Filter>Source Files</Filter>
    </ClCompile>
    <ClCompile Include="HoughCircleTran.cpp">
      <Filter>Source Files</Filter>
    </ClCompile>
    <ClCompile Include="CannyDlgEx.cpp">
      <Filter>Source Files</Filter>
    </ClCompile>
    <ClCompile Include="edgeAlgorithm.cpp">
      <Filter>Source Files</Filter>
    </ClCompile>
    <ClCompile Include="RobertDlg.cpp">
      <Filter>Source Files</Filter>
    </ClCompile>
    <ClCompile Include="SobelDlg.cpp">
      <Filter>Source Files</Filter>
    </ClCompile>
    <ClCompile Include="LaplacianDlg.cpp">
      <Filter>Source Files</Filter>
    </ClCompile>
    <ClCompile Include="GaborDlg.cpp">
      <Filter>Source Files</Filter>
    </ClCompile>
    <ClCompile Include="FRect.cpp">
      <Filter>Source Files</Filter>
    </ClCompile>
    <ClCompile Include="DlgFtrTrack.cpp">
      <Filter>Source Files</Filter>
    </ClCompile>
    <ClCompile Include="cvutils.cpp">
      <Filter>Source Files</Filter>
    </ClCompile>
    <ClCompile Include="Target.cpp">
      <Filter>Source Files</Filter>
    </ClCompile>
    <ClCompile Include="Buffer.cpp">
      <Filter>Source Files</Filter>
    </ClCompile>
    <ClCompile Include="ZXDib.cpp">
      <Filter>Source Files</Filter>
    </ClCompile>
    <ClCompile Include="DlgMosaic.cpp">
      <Filter>Source Files</Filter>
    </ClCompile>
    <ClCompile Include="Track.cpp">
      <Filter>Source Files</Filter>
    </ClCompile>
  </ItemGroup>
  <ItemGroup>
    <ResourceCompile Include="ImgPrc.rc">
      <Filter>Source Files</Filter>
    </ResourceCompile>
  </ItemGroup>
  <ItemGroup>
    <ClInclude Include="ChildFrm.h">
      <Filter>Header Files</Filter>
    </ClInclude>
    <ClInclude Include="DlgFiles.h">
      <Filter>Header Files</Filter>
    </ClInclude>
    <ClInclude Include="ImageProcess.h">
      <Filter>Header Files</Filter>
    </ClInclude>
    <ClInclude Include="ImgPrc.h">
      <Filter>Header Files</Filter>
    </ClInclude>
    <ClInclude Include="ImgPrcDoc.h">
      <Filter>Header Files</Filter>
    </ClInclude>
    <ClInclude Include="ImgPrcView.h">
      <Filter>Header Files</Filter>
    </ClInclude>
    <ClInclude Include="MainFrm.h">
      <Filter>Header Files</Filter>
    </ClInclude>
    <ClInclude Include="Resource.h">
      <Filter>Header Files</Filter>
    </ClInclude>
    <ClInclude Include="StdAfx.h">
      <Filter>Header Files</Filter>
    </ClInclude>
    <ClInclude Include="MorphDlg.h">
      <Filter>Header Files</Filter>
    </ClInclude>
    <ClInclude Include="HistDlg.h">
      <Filter>Header Files</Filter>
    </ClInclude>
    <ClInclude Include="BinaryRegion.h">
      <Filter>Header Files</Filter>
    </ClInclude>
    <ClInclude Include="Polygon.h">
      <Filter>Header Files</Filter>
    </ClInclude>
    <ClInclude Include="ConerDetector.h">
      <Filter>Header Files</Filter>
    </ClInclude>
    <ClInclude Include="MSER.h">
      <Filter>Header Files</Filter>
    </ClInclude>
    <ClInclude Include="SiftDialog.h">
      <Filter>Header Files</Filter>
    </ClInclude>
    <ClInclude Include="SmoothDlg.h">
      <Filter>Header Files</Filter>
    </ClInclude>
    <ClInclude Include="logdogDlg.h">
      <Filter>Header Files</Filter>
    </ClInclude>
    <ClInclude Include="ColorConv.h">
      <Filter>Header Files</Filter>
    </ClInclude>
    <ClInclude Include="ThresholdSeg.h">
      <Filter>Header Files</Filter>
    </ClInclude>
    <ClInclude Include="AdaptiveThreshold.h">
      <Filter>Header Files</Filter>
    </ClInclude>
    <ClInclude Include="IterativeThreshold.h">
      <Filter>Header Files</Filter>
    </ClInclude>
    <ClInclude Include="StandardHoffTran.h">
      <Filter>Header Files</Filter>
    </ClInclude>
    <ClInclude Include="PPHT.h">
      <Filter>Header Files</Filter>
    </ClInclude>
    <ClInclude Include="HoughCircleTran.h">
      <Filter>Header Files</Filter>
    </ClInclude>
    <ClInclude Include="CannyDlgEx.h">
      <Filter>Header Files</Filter>
    </ClInclude>
    <ClInclude Include="edgeAlgorithm.h">
      <Filter>Header Files</Filter>
    </ClInclude>
    <ClInclude Include="RobertDlg.h">
      <Filter>Header Files</Filter>
    </ClInclude>
    <ClInclude Include="SobelDlg.h">
      <Filter>Header Files</Filter>
    </ClInclude>
    <ClInclude Include="LaplacianDlg.h">
      <Filter>Header Files</Filter>
    </ClInclude>
    <ClInclude Include="GaborDlg.h">
      <Filter>Header Files</Filter>
    </ClInclude>
    <ClInclude Include="FRect.h">
      <Filter>Header Files</Filter>
    </ClInclude>
    <ClInclude Include="DlgFtrTrack.h">
      <Filter>Header Files</Filter>
    </ClInclude>
    <ClInclude Include="Trajectory.h">
      <Filter>Header Files</Filter>
    </ClInclude>
    <ClInclude Include="TrajectoryElement.h">
      <Filter>Header Files</Filter>
    </ClInclude>
    <ClInclude Include="TrajectoryExceptions.h">
      <Filter>Header Files</Filter>
    </ClInclude>
    <ClInclude Include="PointOperations.h">
      <Filter>Header Files</Filter>
    </ClInclude>
    <ClInclude Include="cvutils.hpp">
      <Filter>Header Files</Filter>
    </ClInclude>
    <ClInclude Include="Target.h">
      <Filter>Header Files</Filter>
    </ClInclude>
    <ClInclude Include="Buffer.h">
      <Filter>Header Files</Filter>
    </ClInclude>
    <ClInclude Include="ZXDib.h">
      <Filter>Header Files</Filter>
    </ClInclude>
    <ClInclude Include="DlgMosaic.h">
      <Filter>Header Files</Filter>
    </ClInclude>
    <ClInclude Include="Track.h">
      <Filter>Header Files</Filter>
    </ClInclude>
    <ClInclude Include="TrackerParameters.h">
      <Filter>Header Files</Filter>
    </ClInclude>
  </ItemGroup>
  <ItemGroup>
    <Image Include="res\bitmap1.bmp">
      <Filter>Resource Files</Filter>
    </Image>
    <Image Include="res\icon1.ico">
      <Filter>Resource Files</Filter>
    </Image>
    <Image Include="res\ImgPrc.ico">
      <Filter>Resource Files</Filter>
    </Image>
    <Image Include="res\ImgPrcDoc.ico">
      <Filter>Resource Files</Filter>
    </Image>
    <Image Include="res\Toolbar.bmp">
      <Filter>Resource Files</Filter>
    </Image>
  </ItemGroup>
  <ItemGroup>
    <Text Include="ReadMe.txt" />
  </ItemGroup>
  <ItemGroup>
    <CustomBuild Include="res\ImgPrc.rc2">
      <Filter>Resource Files</Filter>
    </CustomBuild>
  </ItemGroup>
</Project>